
Microsoft Visual Studio Solution File, Format Version 12.00
# Visual Studio Version 17
VisualStudioVersion = 17.6.33829.357
MinimumVisualStudioVersion = 10.0.40219.1
Project("{FAE04EC0-301F-11D3-BF4B-00C04F79EFBC}") = "WpfApp5", "WpfApp5.csproj", "{31E45C53-A3DA-4AB3-9AEF-995EB2783308}"
EndProject
Global
	GlobalSection(SolutionConfigurationPlatforms) = preSolution
		Debug|Any CPU = Debug|Any CPU
		Release|Any CPU = Release|Any CPU
	EndGlobalSection
	GlobalSection(ProjectConfigurationPlatforms) = postSolution
		{31E45C53-A3DA-4AB3-9AEF-995EB2783308}.Debug|Any CPU.ActiveCfg = Debug|Any CPU
		{31E45C53-A3DA-4AB3-9AEF-995EB2783308}.Debug|Any CPU.Build.0 = Debug|Any CPU
		{31E45C53-A3DA-4AB3-9AEF-995EB2783308}.Release|Any CPU.ActiveCfg = Release|Any CPU
		{31E45C53-A3DA-4AB3-9AEF-995EB2783308}.Release|Any CPU.Build.0 = Release|Any CPU
	EndGlobalSection
	GlobalSection(SolutionProperties) = preSolution
		HideSolutionNode = FALSE
	EndGlobalSection
	GlobalSection(ExtensibilityGlobals) = postSolution
		SolutionGuid = {FDC4E818-BAC8-4314-A2D2-EC043EE9962A}
	EndGlobalSection
EndGlobal
